
Microsoft Visual Studio Solution File, Format Version 12.00
# Visual Studio Version 16
VisualStudioVersion = 16.0.31112.23
MinimumVisualStudioVersion = 10.0.40219.1
Project("{FAE04EC0-301F-11D3-BF4B-00C04F79EFBC}") = "Presentacion", "TP-WinForm\Presentacion.csproj", "{CD8F728D-44ED-4EA5-A712-69F21F2D7B6F}"
EndProject
Project("{FAE04EC0-301F-11D3-BF4B-00C04F79EFBC}") = "Dominio", "Dominio\Dominio.csproj", "{CE5342F5-52BF-4199-B453-3996DBD246B3}"
EndProject
Project("{FAE04EC0-301F-11D3-BF4B-00C04F79EFBC}") = "Negocio", "Negocio\Negocio.csproj", "{88DCBFE1-B377-41C7-87B4-1922FD8E9885}"
EndProject
Project("{FAE04EC0-301F-11D3-BF4B-00C04F79EFBC}") = "Carrito de Compras", "Carrito de Compras\Carrito de Compras.csproj", "{C59623F6-B425-4A92-AAD3-089185CE95B5}"
EndProject
Global
	GlobalSection(SolutionConfigurationPlatforms) = preSolution
		Debug|Any CPU = Debug|Any CPU
		Release|Any CPU = Release|Any CPU
	EndGlobalSection
	GlobalSection(ProjectConfigurationPlatforms) = postSolution
		{CD8F728D-44ED-4EA5-A712-69F21F2D7B6F}.Debug|Any CPU.ActiveCfg = Debug|Any CPU
		{CD8F728D-44ED-4EA5-A712-69F21F2D7B6F}.Debug|Any CPU.Build.0 = Debug|Any CPU
		{CD8F728D-44ED-4EA5-A712-69F21F2D7B6F}.Release|Any CPU.ActiveCfg = Release|Any CPU
		{CD8F728D-44ED-4EA5-A712-69F21F2D7B6F}.Release|Any CPU.Build.0 = Release|Any CPU
		{CE5342F5-52BF-4199-B453-3996DBD246B3}.Debug|Any CPU.ActiveCfg = Debug|Any CPU
		{CE5342F5-52BF-4199-B453-3996DBD246B3}.Debug|Any CPU.Build.0 = Debug|Any CPU
		{CE5342F5-52BF-4199-B453-3996DBD246B3}.Release|Any CPU.ActiveCfg = Release|Any CPU
		{CE5342F5-52BF-4199-B453-3996DBD246B3}.Release|Any CPU.Build.0 = Release|Any CPU
		{88DCBFE1-B377-41C7-87B4-1922FD8E9885}.Debug|Any CPU.ActiveCfg = Debug|Any CPU
		{88DCBFE1-B377-41C7-87B4-1922FD8E9885}.Debug|Any CPU.Build.0 = Debug|Any CPU
		{88DCBFE1-B377-41C7-87B4-1922FD8E9885}.Release|Any CPU.ActiveCfg = Release|Any CPU
		{88DCBFE1-B377-41C7-87B4-1922FD8E9885}.Release|Any CPU.Build.0 = Release|Any CPU
		{C59623F6-B425-4A92-AAD3-089185CE95B5}.Debug|Any CPU.ActiveCfg = Debug|Any CPU
		{C59623F6-B425-4A92-AAD3-089185CE95B5}.Debug|Any CPU.Build.0 = Debug|Any CPU
		{C59623F6-B425-4A92-AAD3-089185CE95B5}.Release|Any CPU.ActiveCfg = Release|Any CPU
		{C59623F6-B425-4A92-AAD3-089185CE95B5}.Release|Any CPU.Build.0 = Release|Any CPU
	EndGlobalSection
	GlobalSection(SolutionProperties) = preSolution
		HideSolutionNode = FALSE
	EndGlobalSection
	GlobalSection(ExtensibilityGlobals) = postSolution
		SolutionGuid = {13F9BAD5-4073-495E-9AFC-047C35EB0FCC}
	EndGlobalSection
EndGlobal
